
Microsoft Visual Studio Solution File, Format Version 12.00
# Visual Studio Version 17
VisualStudioVersion = 17.14.36202.13 d17.14
MinimumVisualStudioVersion = 10.0.40219.1
Project("{FAE04EC0-301F-11D3-BF4B-00C04F79EFBC}") = "GestionTarea", "GestionTarea\GestionTarea.csproj", "{7721BF80-9FDF-491D-A1E3-604673C84B9F}"
EndProject
Project("{FAE04EC0-301F-11D3-BF4B-00C04F79EFBC}") = "Gestion.API", "Gestion.API\Gestion.API.csproj", "{ABB28F83-2538-4948-9C97-08D9A5D53BEC}"
EndProject
Project("{FAE04EC0-301F-11D3-BF4B-00C04F79EFBC}") = "GestionTareas", "GestionTareas\GestionTareas.csproj", "{12087933-D7F4-4953-8395-C4F64703A4A5}"
EndProject
Project("{FAE04EC0-301F-11D3-BF4B-00C04F79EFBC}") = "Gestion.APIConsumer", "Gestion.APIConsumer\Gestion.APIConsumer.csproj", "{E105B178-A80F-492B-B4BF-633A8D517A6D}"
EndProject
Global
	GlobalSection(SolutionConfigurationPlatforms) = preSolution
		Debug|Any CPU = Debug|Any CPU
		Release|Any CPU = Release|Any CPU
	EndGlobalSection
	GlobalSection(ProjectConfigurationPlatforms) = postSolution
		{7721BF80-9FDF-491D-A1E3-604673C84B9F}.Debug|Any CPU.ActiveCfg = Debug|Any CPU
		{7721BF80-9FDF-491D-A1E3-604673C84B9F}.Debug|Any CPU.Build.0 = Debug|Any CPU
		{7721BF80-9FDF-491D-A1E3-604673C84B9F}.Release|Any CPU.ActiveCfg = Release|Any CPU
		{7721BF80-9FDF-491D-A1E3-604673C84B9F}.Release|Any CPU.Build.0 = Release|Any CPU
		{ABB28F83-2538-4948-9C97-08D9A5D53BEC}.Debug|Any CPU.ActiveCfg = Debug|Any CPU
		{ABB28F83-2538-4948-9C97-08D9A5D53BEC}.Debug|Any CPU.Build.0 = Debug|Any CPU
		{ABB28F83-2538-4948-9C97-08D9A5D53BEC}.Release|Any CPU.ActiveCfg = Release|Any CPU
		{ABB28F83-2538-4948-9C97-08D9A5D53BEC}.Release|Any CPU.Build.0 = Release|Any CPU
		{12087933-D7F4-4953-8395-C4F64703A4A5}.Debug|Any CPU.ActiveCfg = Debug|Any CPU
		{12087933-D7F4-4953-8395-C4F64703A4A5}.Debug|Any CPU.Build.0 = Debug|Any CPU
		{12087933-D7F4-4953-8395-C4F64703A4A5}.Release|Any CPU.ActiveCfg = Release|Any CPU
		{12087933-D7F4-4953-8395-C4F64703A4A5}.Release|Any CPU.Build.0 = Release|Any CPU
		{E105B178-A80F-492B-B4BF-633A8D517A6D}.Debug|Any CPU.ActiveCfg = Debug|Any CPU
		{E105B178-A80F-492B-B4BF-633A8D517A6D}.Debug|Any CPU.Build.0 = Debug|Any CPU
		{E105B178-A80F-492B-B4BF-633A8D517A6D}.Release|Any CPU.ActiveCfg = Release|Any CPU
		{E105B178-A80F-492B-B4BF-633A8D517A6D}.Release|Any CPU.Build.0 = Release|Any CPU
	EndGlobalSection
	GlobalSection(SolutionProperties) = preSolution
		HideSolutionNode = FALSE
	EndGlobalSection
	GlobalSection(ExtensibilityGlobals) = postSolution
		SolutionGuid = {8A958018-7806-4A74-B3AA-AAADA52C1736}
	EndGlobalSection
EndGlobal
